
Microsoft Visual Studio Solution File, Format Version 12.00
# Visual Studio Version 17
VisualStudioVersion = 17.0.31903.59
MinimumVisualStudioVersion = 10.0.40219.1
Project("{FAE04EC0-301F-11D3-BF4B-00C04F79EFBC}") = "MCPMyServer", "MCPMyServer\MCPMyServer.csproj", "{352113A9-534D-4CE4-842A-6C5AEE27DFB6}"
EndProject
Project("{FAE04EC0-301F-11D3-BF4B-00C04F79EFBC}") = "MCPMyClient", "MCPMyClient\MCPMyClient.csproj", "{C2BDA14A-D93F-484C-AF15-8E902A466372}"
EndProject
Global
	GlobalSection(SolutionConfigurationPlatforms) = preSolution
		Debug|Any CPU = Debug|Any CPU
		Release|Any CPU = Release|Any CPU
	EndGlobalSection
	GlobalSection(ProjectConfigurationPlatforms) = postSolution
		{352113A9-534D-4CE4-842A-6C5AEE27DFB6}.Debug|Any CPU.ActiveCfg = Debug|Any CPU
		{352113A9-534D-4CE4-842A-6C5AEE27DFB6}.Debug|Any CPU.Build.0 = Debug|Any CPU
		{352113A9-534D-4CE4-842A-6C5AEE27DFB6}.Release|Any CPU.ActiveCfg = Release|Any CPU
		{352113A9-534D-4CE4-842A-6C5AEE27DFB6}.Release|Any CPU.Build.0 = Release|Any CPU
		{C2BDA14A-D93F-484C-AF15-8E902A466372}.Debug|Any CPU.ActiveCfg = Debug|Any CPU
		{C2BDA14A-D93F-484C-AF15-8E902A466372}.Debug|Any CPU.Build.0 = Debug|Any CPU
		{C2BDA14A-D93F-484C-AF15-8E902A466372}.Release|Any CPU.ActiveCfg = Release|Any CPU
		{C2BDA14A-D93F-484C-AF15-8E902A466372}.Release|Any CPU.Build.0 = Release|Any CPU
	EndGlobalSection
	GlobalSection(SolutionProperties) = preSolution
		HideSolutionNode = FALSE
	EndGlobalSection
	GlobalSection(ExtensibilityGlobals) = postSolution
		SolutionGuid = {1AE08549-F7D9-4B0D-A85B-EA20613F9548}
	EndGlobalSection
EndGlobal
